
Microsoft Visual Studio Solution File, Format Version 12.00
# Visual Studio Version 17
VisualStudioVersion = 17.4.33205.214
MinimumVisualStudioVersion = 10.0.40219.1
Project("{FAE04EC0-301F-11D3-BF4B-00C04F79EFBC}") = "FormForwarder", "FormForwarder\FormForwarder.csproj", "{E010969A-672C-4591-A809-53D4EDDDCB99}"
EndProject
Global
	GlobalSection(SolutionConfigurationPlatforms) = preSolution
		Debug|Any CPU = Debug|Any CPU
		Release|Any CPU = Release|Any CPU
	EndGlobalSection
	GlobalSection(ProjectConfigurationPlatforms) = postSolution
		{E010969A-672C-4591-A809-53D4EDDDCB99}.Debug|Any CPU.ActiveCfg = Debug|Any CPU
		{E010969A-672C-4591-A809-53D4EDDDCB99}.Debug|Any CPU.Build.0 = Debug|Any CPU
		{E010969A-672C-4591-A809-53D4EDDDCB99}.Release|Any CPU.ActiveCfg = Release|Any CPU
		{E010969A-672C-4591-A809-53D4EDDDCB99}.Release|Any CPU.Build.0 = Release|Any CPU
	EndGlobalSection
	GlobalSection(SolutionProperties) = preSolution
		HideSolutionNode = FALSE
	EndGlobalSection
	GlobalSection(ExtensibilityGlobals) = postSolution
		SolutionGuid = {997B60B2-3CAE-4058-9BC7-0B6D25EB64B8}
	EndGlobalSection
EndGlobal
